
Microsoft Visual Studio Solution File, Format Version 12.00
# Visual Studio Version 16
VisualStudioVersion = 16.0.30907.101
MinimumVisualStudioVersion = 10.0.40219.1
Project("{9A19103F-16F7-4668-BE54-9A1E7A4F7556}") = "Metotlar", "Metotlar\Metotlar.csproj", "{A436147D-15F2-4FF0-AA08-82561C6040AA}"
EndProject
Project("{9A19103F-16F7-4668-BE54-9A1E7A4F7556}") = "Matematik", "Matematik\Matematik.csproj", "{55F195B4-FFCE-4CD4-90BE-7A5A94ABC48F}"
EndProject
Project("{9A19103F-16F7-4668-BE54-9A1E7A4F7556}") = "DegerVeReferansTipler", "DegerVeReferansTipler\DegerVeReferansTipler.csproj", "{AB45E729-8C15-48E7-98AD-D7DB368CBF4D}"
EndProject
Project("{9A19103F-16F7-4668-BE54-9A1E7A4F7556}") = "GenericsIntro", "GenericsIntro\GenericsIntro.csproj", "{A37DAD58-8927-4805-B1F0-5E0472E1C868}"
EndProject
Project("{FAE04EC0-301F-11D3-BF4B-00C04F79EFBC}") = "Koleksiyonlar", "Koleksiyonlar\Koleksiyonlar.csproj", "{48A05026-28DE-4ED6-9260-90636B034D82}"
EndProject
Project("{FAE04EC0-301F-11D3-BF4B-00C04F79EFBC}") = "OOP1", "OOP1\OOP1.csproj", "{CD689A61-E8DD-4498-A3FC-AA3205E980BD}"
EndProject
Global
	GlobalSection(SolutionConfigurationPlatforms) = preSolution
		Debug|Any CPU = Debug|Any CPU
		Release|Any CPU = Release|Any CPU
	EndGlobalSection
	GlobalSection(ProjectConfigurationPlatforms) = postSolution
		{A436147D-15F2-4FF0-AA08-82561C6040AA}.Debug|Any CPU.ActiveCfg = Debug|Any CPU
		{A436147D-15F2-4FF0-AA08-82561C6040AA}.Debug|Any CPU.Build.0 = Debug|Any CPU
		{A436147D-15F2-4FF0-AA08-82561C6040AA}.Release|Any CPU.ActiveCfg = Release|Any CPU
		{A436147D-15F2-4FF0-AA08-82561C6040AA}.Release|Any CPU.Build.0 = Release|Any CPU
		{55F195B4-FFCE-4CD4-90BE-7A5A94ABC48F}.Debug|Any CPU.ActiveCfg = Debug|Any CPU
		{55F195B4-FFCE-4CD4-90BE-7A5A94ABC48F}.Debug|Any CPU.Build.0 = Debug|Any CPU
		{55F195B4-FFCE-4CD4-90BE-7A5A94ABC48F}.Release|Any CPU.ActiveCfg = Release|Any CPU
		{55F195B4-FFCE-4CD4-90BE-7A5A94ABC48F}.Release|Any CPU.Build.0 = Release|Any CPU
		{AB45E729-8C15-48E7-98AD-D7DB368CBF4D}.Debug|Any CPU.ActiveCfg = Debug|Any CPU
		{AB45E729-8C15-48E7-98AD-D7DB368CBF4D}.Debug|Any CPU.Build.0 = Debug|Any CPU
		{AB45E729-8C15-48E7-98AD-D7DB368CBF4D}.Release|Any CPU.ActiveCfg = Release|Any CPU
		{AB45E729-8C15-48E7-98AD-D7DB368CBF4D}.Release|Any CPU.Build.0 = Release|Any CPU
		{A37DAD58-8927-4805-B1F0-5E0472E1C868}.Debug|Any CPU.ActiveCfg = Debug|Any CPU
		{A37DAD58-8927-4805-B1F0-5E0472E1C868}.Debug|Any CPU.Build.0 = Debug|Any CPU
		{A37DAD58-8927-4805-B1F0-5E0472E1C868}.Release|Any CPU.ActiveCfg = Release|Any CPU
		{A37DAD58-8927-4805-B1F0-5E0472E1C868}.Release|Any CPU.Build.0 = Release|Any CPU
		{48A05026-28DE-4ED6-9260-90636B034D82}.Debug|Any CPU.ActiveCfg = Debug|Any CPU
		{48A05026-28DE-4ED6-9260-90636B034D82}.Debug|Any CPU.Build.0 = Debug|Any CPU
		{48A05026-28DE-4ED6-9260-90636B034D82}.Release|Any CPU.ActiveCfg = Release|Any CPU
		{48A05026-28DE-4ED6-9260-90636B034D82}.Release|Any CPU.Build.0 = Release|Any CPU
		{CD689A61-E8DD-4498-A3FC-AA3205E980BD}.Debug|Any CPU.ActiveCfg = Debug|Any CPU
		{CD689A61-E8DD-4498-A3FC-AA3205E980BD}.Debug|Any CPU.Build.0 = Debug|Any CPU
		{CD689A61-E8DD-4498-A3FC-AA3205E980BD}.Release|Any CPU.ActiveCfg = Release|Any CPU
		{CD689A61-E8DD-4498-A3FC-AA3205E980BD}.Release|Any CPU.Build.0 = Release|Any CPU
	EndGlobalSection
	GlobalSection(SolutionProperties) = preSolution
		HideSolutionNode = FALSE
	EndGlobalSection
	GlobalSection(ExtensibilityGlobals) = postSolution
		SolutionGuid = {27C51967-A979-4186-A600-3163D0811DF9}
	EndGlobalSection
EndGlobal
